
Microsoft Visual Studio Solution File, Format Version 12.00
# Visual Studio Version 17
VisualStudioVersion = 17.4.33213.308
MinimumVisualStudioVersion = 10.0.40219.1
Project("{FAE04EC0-301F-11D3-BF4B-00C04F79EFBC}") = "Chua_EmployeeManagement", "Chua_EmployeeManagement.csproj", "{8DA5AC03-8692-4ABE-893D-085DD94CF801}"
EndProject
Project("{00D1A9C2-B5F0-4AF3-8072-F6C62B433612}") = "EmployeeDB", "..\EmployeeDB\EmployeeDB.sqlproj", "{D5CE9577-B92E-42BD-9AB7-122CC19F3476}"
EndProject
Global
	GlobalSection(SolutionConfigurationPlatforms) = preSolution
		Debug|Any CPU = Debug|Any CPU
		Release|Any CPU = Release|Any CPU
	EndGlobalSection
	GlobalSection(ProjectConfigurationPlatforms) = postSolution
		{8DA5AC03-8692-4ABE-893D-085DD94CF801}.Debug|Any CPU.ActiveCfg = Debug|Any CPU
		{8DA5AC03-8692-4ABE-893D-085DD94CF801}.Debug|Any CPU.Build.0 = Debug|Any CPU
		{8DA5AC03-8692-4ABE-893D-085DD94CF801}.Release|Any CPU.ActiveCfg = Release|Any CPU
		{8DA5AC03-8692-4ABE-893D-085DD94CF801}.Release|Any CPU.Build.0 = Release|Any CPU
		{D5CE9577-B92E-42BD-9AB7-122CC19F3476}.Debug|Any CPU.ActiveCfg = Debug|Any CPU
		{D5CE9577-B92E-42BD-9AB7-122CC19F3476}.Debug|Any CPU.Build.0 = Debug|Any CPU
		{D5CE9577-B92E-42BD-9AB7-122CC19F3476}.Debug|Any CPU.Deploy.0 = Debug|Any CPU
		{D5CE9577-B92E-42BD-9AB7-122CC19F3476}.Release|Any CPU.ActiveCfg = Release|Any CPU
		{D5CE9577-B92E-42BD-9AB7-122CC19F3476}.Release|Any CPU.Build.0 = Release|Any CPU
		{D5CE9577-B92E-42BD-9AB7-122CC19F3476}.Release|Any CPU.Deploy.0 = Release|Any CPU
	EndGlobalSection
	GlobalSection(SolutionProperties) = preSolution
		HideSolutionNode = FALSE
	EndGlobalSection
	GlobalSection(ExtensibilityGlobals) = postSolution
		SolutionGuid = {34F3F3BC-92C4-448C-921E-CDDA6DFBF92B}
	EndGlobalSection
EndGlobal
